Microsoft Visual Studio Solution File, Format Version 11.00
# Visual Studio 2010
Project("{8BC9CEB8-8B4A-11D0-8D11-00A0C91BC942}") = "libMXF++", "libMXF++\libMXF++.vcxproj", "{33E3C49F-5483-4081-9446-9238A59B761A}"
EndProject
Project("{8BC9CEB8-8B4A-11D0-8D11-00A0C91BC942}") = "libMXF", "..\..\..\ebu-libmxf\msvc_build\vs10\mxf\libMXF.vcxproj", "{580F8E65-F910-46A6-8A9C-6A8E58D95E53}"
EndProject
Project("{8BC9CEB8-8B4A-11D0-8D11-00A0C91BC942}") = "archivemxfreader", "examples\archivemxfreader\archivemxfreader.vcxproj", "{D5E39577-DA0F-4176-A49D-64B04B8F8FB7}"
EndProject
Project("{8BC9CEB8-8B4A-11D0-8D11-00A0C91BC942}") = "test_archivemxfreader", "examples\archivemxfreader\test_archivemxfreader.vcxproj", "{D62CD488-BDEE-439F-A652-38E864D5E418}"
EndProject
Project("{8BC9CEB8-8B4A-11D0-8D11-00A0C91BC942}") = "archivemxfwriter", "examples\archivemxfwriter\archivemxfwriter.vcxproj", "{C88E9767-0759-421E-B13B-A71456A8F7C3}"
EndProject
Project("{8BC9CEB8-8B4A-11D0-8D11-00A0C91BC942}") = "test_archivemxfwriter", "examples\archivemxfwriter\test_archivemxfwriter.vcxproj", "{9DB04619-288B-4E88-BA1D-79539E510A64}"
EndProject
Project("{8BC9CEB8-8B4A-11D0-8D11-00A0C91BC942}") = "avidclipwriter", "examples\avidclipwriter\avidclipwriter.vcxproj", "{8B0EC744-3CAF-4C07-82CA-201EC69E6BE8}"
EndProject
Project("{8BC9CEB8-8B4A-11D0-8D11-00A0C91BC942}") = "test_avidclipwriter", "examples\avidclipwriter\test_avidclipwriter.vcxproj", "{6D90B3BD-72CD-4E45-9942-60100322991A}"
EndProject
Project("{8BC9CEB8-8B4A-11D0-8D11-00A0C91BC942}") = "D10MXFOP1AWriter", "examples\D10MXFOP1AWriter\D10MXFOP1AWriter.vcxproj", "{F1E02AC9-B382-4770-A783-319F29E12D78}"
EndProject
Project("{8BC9CEB8-8B4A-11D0-8D11-00A0C91BC942}") = "test_d10mxfop1awriter", "examples\D10MXFOP1AWriter\test_d10mxfop1awriter.vcxproj", "{C40B9905-DF1C-43BA-B5EE-E4EB329EC4CE}"
EndProject
Project("{8BC9CEB8-8B4A-11D0-8D11-00A0C91BC942}") = "gen_classes", "tools\gen_classes\gen_classes.vcxproj", "{80F1694A-537E-4D36-A0DC-83C227541572}"
EndProject
Project("{8BC9CEB8-8B4A-11D0-8D11-00A0C91BC942}") = "gen_ebucore_classes", "tools\gen_ebucore_classes\gen_ebucore_classes.vcxproj", "{CB1589DD-1F5E-4869-B1F2-635A2F5DFB38}"
EndProject
Global
	GlobalSection(SolutionConfigurationPlatforms) = preSolution
		Debug|Win32 = Debug|Win32
		Release|Win32 = Release|Win32
	EndGlobalSection
	GlobalSection(ProjectConfigurationPlatforms) = postSolution
		{33E3C49F-5483-4081-9446-9238A59B761A}.Debug|Win32.ActiveCfg = Debug|Win32
		{33E3C49F-5483-4081-9446-9238A59B761A}.Debug|Win32.Build.0 = Debug|Win32
		{33E3C49F-5483-4081-9446-9238A59B761A}.Release|Win32.ActiveCfg = Release|Win32
		{33E3C49F-5483-4081-9446-9238A59B761A}.Release|Win32.Build.0 = Release|Win32
		{580F8E65-F910-46A6-8A9C-6A8E58D95E53}.Debug|Win32.ActiveCfg = Debug|Win32
		{580F8E65-F910-46A6-8A9C-6A8E58D95E53}.Release|Win32.ActiveCfg = Release|Win32
		{D5E39577-DA0F-4176-A49D-64B04B8F8FB7}.Debug|Win32.ActiveCfg = Debug|Win32
		{D5E39577-DA0F-4176-A49D-64B04B8F8FB7}.Release|Win32.ActiveCfg = Release|Win32
		{D62CD488-BDEE-439F-A652-38E864D5E418}.Debug|Win32.ActiveCfg = Debug|Win32
		{D62CD488-BDEE-439F-A652-38E864D5E418}.Release|Win32.ActiveCfg = Release|Win32
		{C88E9767-0759-421E-B13B-A71456A8F7C3}.Debug|Win32.ActiveCfg = Debug|Win32
		{C88E9767-0759-421E-B13B-A71456A8F7C3}.Release|Win32.ActiveCfg = Release|Win32
		{9DB04619-288B-4E88-BA1D-79539E510A64}.Debug|Win32.ActiveCfg = Debug|Win32
		{9DB04619-288B-4E88-BA1D-79539E510A64}.Release|Win32.ActiveCfg = Release|Win32
		{8B0EC744-3CAF-4C07-82CA-201EC69E6BE8}.Debug|Win32.ActiveCfg = Debug|Win32
		{8B0EC744-3CAF-4C07-82CA-201EC69E6BE8}.Release|Win32.ActiveCfg = Release|Win32
		{6D90B3BD-72CD-4E45-9942-60100322991A}.Debug|Win32.ActiveCfg = Debug|Win32
		{6D90B3BD-72CD-4E45-9942-60100322991A}.Release|Win32.ActiveCfg = Release|Win32
		{F1E02AC9-B382-4770-A783-319F29E12D78}.Debug|Win32.ActiveCfg = Debug|Win32
		{F1E02AC9-B382-4770-A783-319F29E12D78}.Debug|Win32.Build.0 = Debug|Win32
		{F1E02AC9-B382-4770-A783-319F29E12D78}.Release|Win32.ActiveCfg = Release|Win32
		{F1E02AC9-B382-4770-A783-319F29E12D78}.Release|Win32.Build.0 = Release|Win32
		{C40B9905-DF1C-43BA-B5EE-E4EB329EC4CE}.Debug|Win32.ActiveCfg = Debug|Win32
		{C40B9905-DF1C-43BA-B5EE-E4EB329EC4CE}.Debug|Win32.Build.0 = Debug|Win32
		{C40B9905-DF1C-43BA-B5EE-E4EB329EC4CE}.Release|Win32.ActiveCfg = Release|Win32
		{C40B9905-DF1C-43BA-B5EE-E4EB329EC4CE}.Release|Win32.Build.0 = Release|Win32
		{80F1694A-537E-4D36-A0DC-83C227541572}.Debug|Win32.ActiveCfg = Debug|Win32
		{80F1694A-537E-4D36-A0DC-83C227541572}.Debug|Win32.Build.0 = Debug|Win32
		{80F1694A-537E-4D36-A0DC-83C227541572}.Release|Win32.ActiveCfg = Release|Win32
		{80F1694A-537E-4D36-A0DC-83C227541572}.Release|Win32.Build.0 = Release|Win32
		{CB1589DD-1F5E-4869-B1F2-635A2F5DFB38}.Debug|Win32.ActiveCfg = Debug|Win32
		{CB1589DD-1F5E-4869-B1F2-635A2F5DFB38}.Debug|Win32.Build.0 = Debug|Win32
		{CB1589DD-1F5E-4869-B1F2-635A2F5DFB38}.Release|Win32.ActiveCfg = Release|Win32
		{CB1589DD-1F5E-4869-B1F2-635A2F5DFB38}.Release|Win32.Build.0 = Release|Win32
	EndGlobalSection
	GlobalSection(SolutionProperties) = preSolution
		HideSolutionNode = FALSE
	EndGlobalSection
EndGlobal
